<?xml version="1.0" encoding="UTF-8" standalone="yes" ?>
<CodeBlocks_project_file>
	<FileVersion major="1" minor="6" />
	<Project>
		<Option title="cloth store management system" />
		<Option makefile_is_custom="1" />
		<Option pch_mode="2" />
		<Option compiler="gcc" />
		<MakeCommands>
			<Build command="$make -f $makefile $cloth store management system" />
			<CompileFile command="$make -f $makefile $file" />
			<Clean command="$make -f $makefile clean$target" />
			<DistClean command="$make -f $makefile distclean$target" />
			<AskRebuildNeeded command="$make -q -f $makefile $target" />
			<SilentBuild command="$make -f $makefile $cloth store management system &gt; $(CMD_NULL)" />
		</MakeCommands>
		<Build>
			<Target title="Debug">
				<Option output="bin/Debug/cloth store management system" prefix_auto="1" extension_auto="1" />
				<Option object_output="obj/Debug/" />
				<Option type="1" />
				<Option compiler="gcc" />
				<Compiler>
					<Add option="-g" />
				</Compiler>
			</Target>
			<Target title="Release">
				<Option output="bin/Release/cloth store management system" prefix_auto="1" extension_auto="1" />
				<Option object_output="obj/Release/" />
				<Option type="1" />
				<Option compiler="gcc" />
				<Compiler>
					<Add option="-O2" />
				</Compiler>
				<Linker>
					<Add option="-s" />
				</Linker>
			</Target>
		</Build>
		<Compiler>
			<Add option="-Wall" />
			<Add option="-fexceptions" />
		</Compiler>
		<Unit filename="../inc/cloth_store.h" />
		<Unit filename="../main.c">
			<Option compilerVar="CC" />
		</Unit>
		<Unit filename="../makefile.mak" />
		<Unit filename="../src/cloth_store.c">
			<Option compilerVar="CC" />
		</Unit>
		<Unit filename="../test/test_cloth_management.c">
			<Option compilerVar="CC" />
		</Unit>
		<Unit filename="../test/test_cloth_management.h" />
		<Unit filename="../unity/unity.c">
			<Option compilerVar="CC" />
		</Unit>
		<Unit filename="../unity/unity.h" />
		<Unit filename="../unity/unity_internals.h" />
		<Extensions />
	</Project>
</CodeBlocks_project_file>
